# THIS IS AN AUTOGENERATED FILE. DO NOT EDIT THIS FILE DIRECTLY.
# yarn lockfile v1


"@types/web-bluetooth@^0.0.21":
  version "0.0.21"
  resolved "https://registry.yarnpkg.com/@types/web-bluetooth/-/web-bluetooth-0.0.21.tgz#525433c784aed9b457aaa0ee3d92aeb71f346b63"
  integrity sha512-oIQLCGWtcFZy2JW77j9k8nHzAOpqMHLQejDA48XXMWH6tjCQHz5RCFz1bzsmROyL6PUm+LLnUiI4BCn221inxA==

"@vueuse/core@^13.5.0":
  version "13.5.0"
  resolved "https://registry.yarnpkg.com/@vueuse/core/-/core-13.5.0.tgz#1136d3db088945d7b7a2397170737d5a3e557b36"
  integrity sha512-wV7z0eUpifKmvmN78UBZX8T7lMW53Nrk6JP5+6hbzrB9+cJ3jr//hUlhl9TZO/03bUkMK6gGkQpqOPWoabr72g==
  dependencies:
    "@types/web-bluetooth" "^0.0.21"
    "@vueuse/metadata" "13.5.0"
    "@vueuse/shared" "13.5.0"

"@vueuse/metadata@13.5.0":
  version "13.5.0"
  resolved "https://registry.yarnpkg.com/@vueuse/metadata/-/metadata-13.5.0.tgz#18c24a32489b0a4fb9d7436efc048e836bfc4799"
  integrity sha512-euhItU3b0SqXxSy8u1XHxUCdQ8M++bsRs+TYhOLDU/OykS7KvJnyIFfep0XM5WjIFry9uAPlVSjmVHiqeshmkw==

"@vueuse/shared@13.5.0":
  version "13.5.0"
  resolved "https://registry.yarnpkg.com/@vueuse/shared/-/shared-13.5.0.tgz#c36e3e0eafca9c3b92356ccef139db0df7d9905e"
  integrity sha512-K7GrQIxJ/ANtucxIXbQlUHdB0TPA8c+q5i+zbrjxuhJCnJ9GtBg75sBSnvmLSxHKPg2Yo8w62PWksl9kwH0Q8g==
