# THIS IS AN AUTOGENERATED FILE. DO NOT EDIT THIS FILE DIRECTLY.
# yarn lockfile v1


uvicorn@^0.0.1-security:
  version "0.0.1-security"
  resolved "https://registry.yarnpkg.com/uvicorn/-/uvicorn-0.0.1-security.tgz#b767e1ad668cdac01d13417269cbd5de2197ed34"
  integrity sha512-dDZvfAZSnLne09FhmPmAUwS6m2FA3iV9spMjZD4Lqxl3c/A8HTPhrHjqSTpWGyYReLkZmMQXEbdlw/9GHEjRKw==
